github.com/algapra/golang-module v1.0.0 h1:EO4KbV16Bg7oNduEzrhFFlpFRlSC0Cs+DDkVg3dTAVM=
github.com/algapra/golang-module v1.0.0/go.mod h1:sdqopLCb0K4/oVNxTUi7ClrXsM5RLyI1oT1skF01Dpc=
github.com/algapra/golang-module v1.0.1 h1:WVBhXdMl2+VclwI3WHwdUxVJlVWAoVEiqsP79ZNi13g=
github.com/algapra/golang-module v1.0.1/go.mod h1:sdqopLCb0K4/oVNxTUi7ClrXsM5RLyI1oT1skF01Dpc=
